
Microsoft Visual Studio Solution File, Format Version 12.00
# Visual Studio Version 16
VisualStudioVersion = 16.0.29519.181
MinimumVisualStudioVersion = 10.0.40219.1
Project("{2150E333-8FDC-42A3-9474-1A3956D46DE8}") = "Application", "Application", "{C9F6E2F4-6512-4504-9F0E-BE1D1FC6CA3A}"
EndProject
Project("{2150E333-8FDC-42A3-9474-1A3956D46DE8}") = "Domain", "Domain", "{626B5CF2-8CB8-4C7A-86CC-8D9EA9E21738}"
EndProject
Project("{2150E333-8FDC-42A3-9474-1A3956D46DE8}") = "Infra.Data", "Infra.Data", "{D8EBC46C-18B2-4072-BDFB-ECA61DC293DF}"
EndProject
Project("{2150E333-8FDC-42A3-9474-1A3956D46DE8}") = "Infra.IoC", "Infra.IoC", "{C490EC39-B578-4BFA-A890-B7845194B8B6}"
EndProject
Project("{2150E333-8FDC-42A3-9474-1A3956D46DE8}") = "Presentation", "Presentation", "{C0E78917-4E7B-45A2-BD4C-1CEDFDB496A2}"
EndProject
Project("{9A19103F-16F7-4668-BE54-9A1E7A4F7556}") = "CleanArch.Web", "CleanArch.Web\CleanArch.Web.csproj", "{397AD31B-124D-49B2-9C18-FD60796AD9DE}"
EndProject
Global
	GlobalSection(SolutionConfigurationPlatforms) = preSolution
		Debug|Any CPU = Debug|Any CPU
		Release|Any CPU = Release|Any CPU
	EndGlobalSection
	GlobalSection(ProjectConfigurationPlatforms) = postSolution
		{397AD31B-124D-49B2-9C18-FD60796AD9DE}.Debug|Any CPU.ActiveCfg = Debug|Any CPU
		{397AD31B-124D-49B2-9C18-FD60796AD9DE}.Debug|Any CPU.Build.0 = Debug|Any CPU
		{397AD31B-124D-49B2-9C18-FD60796AD9DE}.Release|Any CPU.ActiveCfg = Release|Any CPU
		{397AD31B-124D-49B2-9C18-FD60796AD9DE}.Release|Any CPU.Build.0 = Release|Any CPU
	EndGlobalSection
	GlobalSection(SolutionProperties) = preSolution
		HideSolutionNode = FALSE
	EndGlobalSection
	GlobalSection(NestedProjects) = preSolution
		{397AD31B-124D-49B2-9C18-FD60796AD9DE} = {C0E78917-4E7B-45A2-BD4C-1CEDFDB496A2}
	EndGlobalSection
	GlobalSection(ExtensibilityGlobals) = postSolution
		SolutionGuid = {832D30F5-0EF8-45FB-9946-27867F18AFA4}
	EndGlobalSection
EndGlobal
